// !$*UTF8*$!
{
	archiveVersion = 1;
	classes = {
	};
	objectVersion = 46;
	objects = {

/* Begin PBXBuildFile section */
		2A8826C61EC0CD9C00A917D2 /* main.m in Sources */ = {isa = PBXBuildFile; fileRef = 2A8826C51EC0CD9B00A917D2 /* main.m */; };
		2A8826C91EC0CD9C00A917D2 /* AppDelegate.m in Sources */ = {isa = PBXBuildFile; fileRef = 2A8826C81EC0CD9C00A917D2 /* AppDelegate.m */; };
		2A8826CF1EC0CD9C00A917D2 /* Main.storyboard in Resources */ = {isa = PBXBuildFile; fileRef = 2A8826CD1EC0CD9C00A917D2 /* Main.storyboard */; };
		2A8826D11EC0CD9C00A917D2 /* Assets.xcassets in Resources */ = {isa = PBXBuildFile; fileRef = 2A8826D01EC0CD9C00A917D2 /* Assets.xcassets */; };
		2A8826D41EC0CD9C00A917D2 /* LaunchScreen.storyboard in Resources */ = {isa = PBXBuildFile; fileRef = 2A8826D21EC0CD9C00A917D2 /* LaunchScreen.storyboard */; };
		2A8826E11EC0DF1900A917D2 /* DMNSong.m in Sources */ = {isa = PBXBuildFile; fileRef = 2A8826E01EC0DF1900A917D2 /* DMNSong.m */; };
		2A8826E41EC0E29200A917D2 /* DMNPlaylist.m in Sources */ = {isa = PBXBuildFile; fileRef = 2A8826E31EC0E29200A917D2 /* DMNPlaylist.m */; };
		2A8826E71EC0E61700A917D2 /* DMNPlaylistController.m in Sources */ = {isa = PBXBuildFile; fileRef = 2A8826E61EC0E61700A917D2 /* DMNPlaylistController.m */; };
/* End PBXBuildFile section */

/* Begin PBXFileReference section */
		2A8826C11EC0CD9B00A917D2 /* Playlist-C.app */ = {isa = PBXFileReference; explicitFileType = wrapper.application; includeInIndex = 0; path = "Playlist-C.app"; sourceTree = BUILT_PRODUCTS_DIR; };
		2A8826C51EC0CD9B00A917D2 /* main.m */ = {isa = PBXFileReference; lastKnownFileType = sourcecode.c.objc; path = main.m; sourceTree = "<group>"; };
		2A8826C71EC0CD9C00A917D2 /* AppDelegate.h */ = {isa = PBXFileReference; lastKnownFileType = sourcecode.c.h; path = AppDelegate.h; sourceTree = "<group>"; };
		2A8826C81EC0CD9C00A917D2 /* AppDelegate.m */ = {isa = PBXFileReference; lastKnownFileType = sourcecode.c.objc; path = AppDelegate.m; sourceTree = "<group>"; };
		2A8826CE1EC0CD9C00A917D2 /* Base */ = {isa = PBXFileReference; lastKnownFileType = file.storyboard; name = Base; path = Base.lproj/Main.storyboard; sourceTree = "<group>"; };
		2A8826D01EC0CD9C00A917D2 /* Assets.xcassets */ = {isa = PBXFileReference; lastKnownFileType = folder.assetcatalog; path = Assets.xcassets; sourceTree = "<group>"; };
		2A8826D31EC0CD9C00A917D2 /* Base */ = {isa = PBXFileReference; lastKnownFileType = file.storyboard; name = Base; path = Base.lproj/LaunchScreen.storyboard; sourceTree = "<group>"; };
		2A8826D51EC0CD9C00A917D2 /* Info.plist */ = {isa = PBXFileReference; lastKnownFileType = text.plist.xml; path = Info.plist; sourceTree = "<group>"; };
		2A8826DF1EC0DF1900A917D2 /* DMNSong.h */ = {isa = PBXFileReference; fileEncoding = 4; lastKnownFileType = sourcecode.c.h; path = DMNSong.h; sourceTree = "<group>"; };
		2A8826E01EC0DF1900A917D2 /* DMNSong.m */ = {isa = PBXFileReference; fileEncoding = 4; lastKnownFileType = sourcecode.c.objc; path = DMNSong.m; sourceTree = "<group>"; };
		2A8826E21EC0E29200A917D2 /* DMNPlaylist.h */ = {isa = PBXFileReference; fileEncoding = 4; lastKnownFileType = sourcecode.c.h; path = DMNPlaylist.h; sourceTree = "<group>"; };
		2A8826E31EC0E29200A917D2 /* DMNPlaylist.m */ = {isa = PBXFileReference; fileEncoding = 4; lastKnownFileType = sourcecode.c.objc; path = DMNPlaylist.m; sourceTree = "<group>"; };
		2A8826E51EC0E61700A917D2 /* DMNPlaylistController.h */ = {isa = PBXFileReference; fileEncoding = 4; lastKnownFileType = sourcecode.c.h; path = DMNPlaylistController.h; sourceTree = "<group>"; };
		2A8826E61EC0E61700A917D2 /* DMNPlaylistController.m */ = {isa = PBXFileReference; fileEncoding = 4; lastKnownFileType = sourcecode.c.objc; path = DMNPlaylistController.m; sourceTree = "<group>"; };
/* End PBXFileReference section */

/* Begin PBXFrameworksBuildPhase section */
		2A8826BE1EC0CD9B00A917D2 /* Frameworks */ = {
			isa = PBXFrameworksBuildPhase;
			buildActionMask = 2147483647;
			files = (
			);
			runOnlyForDeploymentPostprocessing = 0;
		};
/* End PBXFrameworksBuildPhase section */

/* Begin PBXGroup section */
		2A8826B81EC0CD9B00A917D2 = {
			isa = PBXGroup;
			children = (
				2A8826C31EC0CD9B00A917D2 /* Playlist-C */,
				2A8826C21EC0CD9B00A917D2 /* Products */,
			);
			sourceTree = "<group>";
		};
		2A8826C21EC0CD9B00A917D2 /* Products */ = {
			isa = PBXGroup;
			children = (
				2A8826C11EC0CD9B00A917D2 /* Playlist-C.app */,
			);
			name = Products;
			sourceTree = "<group>";
		};
		2A8826C31EC0CD9B00A917D2 /* Playlist-C */ = {
			isa = PBXGroup;
			children = (
				2A8826C71EC0CD9C00A917D2 /* AppDelegate.h */,
				2A8826C81EC0CD9C00A917D2 /* AppDelegate.m */,
				2A8826CD1EC0CD9C00A917D2 /* Main.storyboard */,
				2A8826DD1EC0DC3B00A917D2 /* Models */,
				2A8826DE1EC0DC5000A917D2 /* ModelControllers */,
				2A8826DC1EC0CE0E00A917D2 /* ViewControllers */,
				2A8826DB1EC0CDFA00A917D2 /* Resources */,
				2A8826C41EC0CD9B00A917D2 /* Supporting Files */,
			);
			path = "Playlist-C";
			sourceTree = "<group>";
		};
		2A8826C41EC0CD9B00A917D2 /* Supporting Files */ = {
			isa = PBXGroup;
			children = (
				2A8826C51EC0CD9B00A917D2 /* main.m */,
			);
			name = "Supporting Files";
			sourceTree = "<group>";
		};
		2A8826DB1EC0CDFA00A917D2 /* Resources */ = {
			isa = PBXGroup;
			children = (
				2A8826D01EC0CD9C00A917D2 /* Assets.xcassets */,
				2A8826D21EC0CD9C00A917D2 /* LaunchScreen.storyboard */,
				2A8826D51EC0CD9C00A917D2 /* Info.plist */,
			);
			name = Resources;
			sourceTree = "<group>";
		};
		2A8826DC1EC0CE0E00A917D2 /* ViewControllers */ = {
			isa = PBXGroup;
			children = (
			);
			name = ViewControllers;
			sourceTree = "<group>";
		};
		2A8826DD1EC0DC3B00A917D2 /* Models */ = {
			isa = PBXGroup;
			children = (
				2A8826DF1EC0DF1900A917D2 /* DMNSong.h */,
				2A8826E01EC0DF1900A917D2 /* DMNSong.m */,
				2A8826E21EC0E29200A917D2 /* DMNPlaylist.h */,
				2A8826E31EC0E29200A917D2 /* DMNPlaylist.m */,
			);
			name = Models;
			sourceTree = "<group>";
		};
		2A8826DE1EC0DC5000A917D2 /* ModelControllers */ = {
			isa = PBXGroup;
			children = (
				2A8826E51EC0E61700A917D2 /* DMNPlaylistController.h */,
				2A8826E61EC0E61700A917D2 /* DMNPlaylistController.m */,
			);
			name = ModelControllers;
			sourceTree = "<group>";
		};
/* End PBXGroup section */

/* Begin PBXNativeTarget section */
		2A8826C01EC0CD9B00A917D2 /* Playlist-C */ = {
			isa = PBXNativeTarget;
			buildConfigurationList = 2A8826D81EC0CD9C00A917D2 /* Build configuration list for PBXNativeTarget "Playlist-C" */;
			buildPhases = (
				2A8826BD1EC0CD9B00A917D2 /* Sources */,
				2A8826BE1EC0CD9B00A917D2 /* Frameworks */,
				2A8826BF1EC0CD9B00A917D2 /* Resources */,
			);
			buildRules = (
			);
			dependencies = (
			);
			name = "Playlist-C";
			productName = "Playlist-C";
			productReference = 2A8826C11EC0CD9B00A917D2 /* Playlist-C.app */;
			productType = "com.apple.product-type.application";
		};
/* End PBXNativeTarget section */

/* Begin PBXProject section */
		2A8826B91EC0CD9B00A917D2 /* Project object */ = {
			isa = PBXProject;
			attributes = {
				LastUpgradeCheck = 0830;
				ORGANIZATIONNAME = "Rob Hand";
				TargetAttributes = {
					2A8826C01EC0CD9B00A917D2 = {
						CreatedOnToolsVersion = 8.3.2;
						DevelopmentTeam = WC4MWVKQFQ;
						ProvisioningStyle = Automatic;
					};
				};
			};
			buildConfigurationList = 2A8826BC1EC0CD9B00A917D2 /* Build configuration list for PBXProject "Playlist-C" */;
			compatibilityVersion = "Xcode 3.2";
			developmentRegion = English;
			hasScannedForEncodings = 0;
			knownRegions = (
				en,
				Base,
			);
			mainGroup = 2A8826B81EC0CD9B00A917D2;
			productRefGroup = 2A8826C21EC0CD9B00A917D2 /* Products */;
			projectDirPath = "";
			projectRoot = "";
			targets = (
				2A8826C01EC0CD9B00A917D2 /* Playlist-C */,
			);
		};
/* End PBXProject section */

/* Begin PBXResourcesBuildPhase section */
		2A8826BF1EC0CD9B00A917D2 /* Resources */ = {
			isa = PBXResourcesBuildPhase;
			buildActionMask = 2147483647;
			files = (
				2A8826D41EC0CD9C00A917D2 /* LaunchScreen.storyboard in Resources */,
				2A8826D11EC0CD9C00A917D2 /* Assets.xcassets in Resources */,
				2A8826CF1EC0CD9C00A917D2 /* Main.storyboard in Resources */,
			);
			runOnlyForDeploymentPostprocessing = 0;
		};
/* End PBXResourcesBuildPhase section */

/* Begin PBXSourcesBuildPhase section */
		2A8826BD1EC0CD9B00A917D2 /* Sources */ = {
			isa = PBXSourcesBuildPhase;
			buildActionMask = 2147483647;
			files = (
				2A8826E11EC0DF1900A917D2 /* DMNSong.m in Sources */,
				2A8826E71EC0E61700A917D2 /* DMNPlaylistController.m in Sources */,
				2A8826E41EC0E29200A917D2 /* DMNPlaylist.m in Sources */,
				2A8826C91EC0CD9C00A917D2 /* AppDelegate.m in Sources */,
				2A8826C61EC0CD9C00A917D2 /* main.m in Sources */,
			);
			runOnlyForDeploymentPostprocessing = 0;
		};
/* End PBXSourcesBuildPhase section */

/* Begin PBXVariantGroup section */
		2A8826CD1EC0CD9C00A917D2 /* Main.storyboard */ = {
			isa = PBXVariantGroup;
			children = (
				2A8826CE1EC0CD9C00A917D2 /* Base */,
			);
			name = Main.storyboard;
			sourceTree = "<group>";
		};
		2A8826D21EC0CD9C00A917D2 /* LaunchScreen.storyboard */ = {
			isa = PBXVariantGroup;
			children = (
				2A8826D31EC0CD9C00A917D2 /* Base */,
			);
			name = LaunchScreen.storyboard;
			sourceTree = "<group>";
		};
/* End PBXVariantGroup section */

/* Begin XCBuildConfiguration section */
		2A8826D61EC0CD9C00A917D2 /* Debug */ = {
			isa = XCBuildConfiguration;
			buildSettings = {
				ALWAYS_SEARCH_USER_PATHS = NO;
				CLANG_ANALYZER_NONNULL = YES;
				CLANG_ANALYZER_NUMBER_OBJECT_CONVERSION = YES_AGGRESSIVE;
				CLANG_CXX_LANGUAGE_STANDARD = "gnu++0x";
				CLANG_CXX_LIBRARY = "libc++";
				CLANG_ENABLE_MODULES = YES;
				CLANG_ENABLE_OBJC_ARC = YES;
				CLANG_WARN_BOOL_CONVERSION = YES;
				CLANG_WARN_CONSTANT_CONVERSION = YES;
				CLANG_WARN_DIRECT_OBJC_ISA_USAGE = YES_ERROR;
				CLANG_WARN_DOCUMENTATION_COMMENTS = YES;
				CLANG_WARN_EMPTY_BODY = YES;
				CLANG_WARN_ENUM_CONVERSION = YES;
				CLANG_WARN_INFINITE_RECURSION = YES;
				CLANG_WARN_INT_CONVERSION = YES;
				CLANG_WARN_OBJC_ROOT_CLASS = YES_ERROR;
				CLANG_WARN_SUSPICIOUS_MOVE = YES;
				CLANG_WARN_UNREACHABLE_CODE = YES;
				CLANG_WARN__DUPLICATE_METHOD_MATCH = YES;
				"CODE_SIGN_IDENTITY[sdk=iphoneos*]" = "iPhone Developer";
				COPY_PHASE_STRIP = NO;
				DEBUG_INFORMATION_FORMAT = dwarf;
				ENABLE_STRICT_OBJC_MSGSEND = YES;
				ENABLE_TESTABILITY = YES;
				GCC_C_LANGUAGE_STANDARD = gnu99;
				GCC_DYNAMIC_NO_PIC = NO;
				GCC_NO_COMMON_BLOCKS = YES;
				GCC_OPTIMIZATION_LEVEL = 0;
				GCC_PREPROCESSOR_DEFINITIONS = (
					"DEBUG=1",
					"$(inherited)",
				);
				GCC_WARN_64_TO_32_BIT_CONVERSION = YES;
				GCC_WARN_ABOUT_RETURN_TYPE = YES_ERROR;
				GCC_WARN_UNDECLARED_SELECTOR = YES;
				GCC_WARN_UNINITIALIZED_AUTOS = YES_AGGRESSIVE;
				GCC_WARN_UNUSED_FUNCTION = YES;
				GCC_WARN_UNUSED_VARIABLE = YES;
				IPHONEOS_DEPLOYMENT_TARGET = 10.3;
				MTL_ENABLE_DEBUG_INFO = YES;
				ONLY_ACTIVE_ARCH = YES;
				SDKROOT = iphoneos;
			};
			name = Debug;
		};
		2A8826D71EC0CD9C00A917D2 /* Release */ = {
			isa = XCBuildConfiguration;
			buildSettings = {
				ALWAYS_SEARCH_USER_PATHS = NO;
				CLANG_ANALYZER_NONNULL = YES;
				CLANG_ANALYZER_NUMBER_OBJECT_CONVERSION = YES_AGGRESSIVE;
				CLANG_CXX_LANGUAGE_STANDARD = "gnu++0x";
				CLANG_CXX_LIBRARY = "libc++";
				CLANG_ENABLE_MODULES = YES;
				CLANG_ENABLE_OBJC_ARC = YES;
				CLANG_WARN_BOOL_CONVERSION = YES;
				CLANG_WARN_CONSTANT_CONVERSION = YES;
				CLANG_WARN_DIRECT_OBJC_ISA_USAGE = YES_ERROR;
				CLANG_WARN_DOCUMENTATION_COMMENTS = YES;
				CLANG_WARN_EMPTY_BODY = YES;
				CLANG_WARN_ENUM_CONVERSION = YES;
				CLANG_WARN_INFINITE_RECURSION = YES;
				CLANG_WARN_INT_CONVERSION = YES;
				CLANG_WARN_OBJC_ROOT_CLASS = YES_ERROR;
				CLANG_WARN_SUSPICIOUS_MOVE = YES;
				CLANG_WARN_UNREACHABLE_CODE = YES;
				CLANG_WARN__DUPLICATE_METHOD_MATCH = YES;
				"CODE_SIGN_IDENTITY[sdk=iphoneos*]" = "iPhone Developer";
				COPY_PHASE_STRIP = NO;
				DEBUG_INFORMATION_FORMAT = "dwarf-with-dsym";
				ENABLE_NS_ASSERTIONS = NO;
				ENABLE_STRICT_OBJC_MSGSEND = YES;
				GCC_C_LANGUAGE_STANDARD = gnu99;
				GCC_NO_COMMON_BLOCKS = YES;
				GCC_WARN_64_TO_32_BIT_CONVERSION = YES;
				GCC_WARN_ABOUT_RETURN_TYPE = YES_ERROR;
				GCC_WARN_UNDECLARED_SELECTOR = YES;
				GCC_WARN_UNINITIALIZED_AUTOS = YES_AGGRESSIVE;
				GCC_WARN_UNUSED_FUNCTION = YES;
				GCC_WARN_UNUSED_VARIABLE = YES;
				IPHONEOS_DEPLOYMENT_TARGET = 10.3;
				MTL_ENABLE_DEBUG_INFO = NO;
				SDKROOT = iphoneos;
				VALIDATE_PRODUCT = YES;
			};
			name = Release;
		};
		2A8826D91EC0CD9C00A917D2 /* Debug */ = {
			isa = XCBuildConfiguration;
			buildSettings = {
				ASSETCATALOG_COMPILER_APPICON_NAME = AppIcon;
				DEVELOPMENT_TEAM = WC4MWVKQFQ;
				INFOPLIST_FILE = "Playlist-C/Info.plist";
				LD_RUNPATH_SEARCH_PATHS = "$(inherited) @executable_path/Frameworks";
				PRODUCT_BUNDLE_IDENTIFIER = "com.rob-hand.Playlist-C";
				PRODUCT_NAME = "$(TARGET_NAME)";
			};
			name = Debug;
		};
		2A8826DA1EC0CD9C00A917D2 /* Release */ = {
			isa = XCBuildConfiguration;
			buildSettings = {
				ASSETCATALOG_COMPILER_APPICON_NAME = AppIcon;
				DEVELOPMENT_TEAM = WC4MWVKQFQ;
				INFOPLIST_FILE = "Playlist-C/Info.plist";
				LD_RUNPATH_SEARCH_PATHS = "$(inherited) @executable_path/Frameworks";
				PRODUCT_BUNDLE_IDENTIFIER = "com.rob-hand.Playlist-C";
				PRODUCT_NAME = "$(TARGET_NAME)";
			};
			name = Release;
		};
/* End XCBuildConfiguration section */

/* Begin XCConfigurationList section */
		2A8826BC1EC0CD9B00A917D2 /* Build configuration list for PBXProject "Playlist-C" */ = {
			isa = XCConfigurationList;
			buildConfigurations = (
				2A8826D61EC0CD9C00A917D2 /* Debug */,
				2A8826D71EC0CD9C00A917D2 /* Release */,
			);
			defaultConfigurationIsVisible = 0;
			defaultConfigurationName = Release;
		};
		2A8826D81EC0CD9C00A917D2 /* Build configuration list for PBXNativeTarget "Playlist-C" */ = {
			isa = XCConfigurationList;
			buildConfigurations = (
				2A8826D91EC0CD9C00A917D2 /* Debug */,
				2A8826DA1EC0CD9C00A917D2 /* Release */,
			);
			defaultConfigurationIsVisible = 0;
		};
/* End XCConfigurationList section */
	};
	rootObject = 2A8826B91EC0CD9B00A917D2 /* Project object */;
}
